// !$*UTF8*$!
{
	archiveVersion = 1;
	classes = {
	};
	objectVersion = 50;
	objects = {

/* Begin PBXBuildFile section */
		F39D8CFF239EB25C00F275B6 /* main.m in Sources */ = {isa = PBXBuildFile; fileRef = F39D8C04239EAEF300F275B6 /* main.m */; };
/* End PBXBuildFile section */

/* Begin PBXCopyFilesBuildPhase section */
		F39D8BFF239EAEF300F275B6 /* CopyFiles */ = {
			isa = PBXCopyFilesBuildPhase;
			buildActionMask = 2147483647;
			dstPath = /usr/share/man/man1/;
			dstSubfolderSpec = 0;
			files = (
			);
			runOnlyForDeploymentPostprocessing = 1;
		};
/* End PBXCopyFilesBuildPhase section */

/* Begin PBXFileReference section */
		F39D8C01239EAEF300F275B6 /* RunLoop */ = {isa = PBXFileReference; explicitFileType = "compiled.mach-o.executable"; includeInIndex = 0; path = RunLoop; sourceTree = BUILT_PRODUCTS_DIR; };
		F39D8C04239EAEF300F275B6 /* main.m */ = {isa = PBXFileReference; lastKnownFileType = sourcecode.c.objc; path = main.m; sourceTree = "<group>"; };
		F39D8C0C239EAF9D00F275B6 /* CFNumberFormatter.h */ = {isa = PBXFileReference; fileEncoding = 4; lastKnownFileType = sourcecode.c.h; path = CFNumberFormatter.h; sourceTree = "<group>"; };
		F39D8C0D239EAF9E00F275B6 /* CFBasicHash.h */ = {isa = PBXFileReference; fileEncoding = 4; lastKnownFileType = sourcecode.c.h; path = CFBasicHash.h; sourceTree = "<group>"; };
		F39D8C0E239EAF9E00F275B6 /* CFSet.c */ = {isa = PBXFileReference; fileEncoding = 4; lastKnownFileType = sourcecode.c.c; path = CFSet.c; sourceTree = "<group>"; };
		F39D8C0F239EAF9E00F275B6 /* CFData.c */ = {isa = PBXFileReference; fileEncoding = 4; lastKnownFileType = sourcecode.c.c; path = CFData.c; sourceTree = "<group>"; };
		F39D8C10239EAF9E00F275B6 /* CFBundle.h */ = {isa = PBXFileReference; fileEncoding = 4; lastKnownFileType = sourcecode.c.h; path = CFBundle.h; sourceTree = "<group>"; };
		F39D8C11239EAF9E00F275B6 /* CFUniChar.c */ = {isa = PBXFileReference; fileEncoding = 4; lastKnownFileType = sourcecode.c.c; path = CFUniChar.c; sourceTree = "<group>"; };
		F39D8C13239EAF9E00F275B6 /* CFStreamInternal.h */ = {isa = PBXFileReference; fileEncoding = 4; lastKnownFileType = sourcecode.c.h; path = CFStreamInternal.h; sourceTree = "<group>"; };
		F39D8C14239EAF9E00F275B6 /* CFStreamPriv.h */ = {isa = PBXFileReference; fileEncoding = 4; lastKnownFileType = sourcecode.c.h; path = CFStreamPriv.h; sourceTree = "<group>"; };
		F39D8C15239EAF9E00F275B6 /* CFUUID.c */ = {isa = PBXFileReference; fileEncoding = 4; lastKnownFileType = sourcecode.c.c; path = CFUUID.c; sourceTree = "<group>"; };
		F39D8C16239EAF9E00F275B6 /* CFVersion.c */ = {isa = PBXFileReference; fileEncoding = 4; lastKnownFileType = sourcecode.c.c; path = CFVersion.c; sourceTree = "<group>"; };
		F39D8C17239EAF9E00F275B6 /* CFTree.c */ = {isa = PBXFileReference; fileEncoding = 4; lastKnownFileType = sourcecode.c.c; path = CFTree.c; sourceTree = "<group>"; };
		F39D8C19239EAF9E00F275B6 /* CFByteOrder.h */ = {isa = PBXFileReference; fileEncoding = 4; lastKnownFileType = sourcecode.c.h; path = CFByteOrder.h; sourceTree = "<group>"; };
		F39D8C1A239EAF9E00F275B6 /* CFInternal.h */ = {isa = PBXFileReference; fileEncoding = 4; lastKnownFileType = sourcecode.c.h; path = CFInternal.h; sourceTree = "<group>"; };
		F39D8C1B239EAF9E00F275B6 /* CFBundlePriv.h */ = {isa = PBXFileReference; fileEncoding = 4; lastKnownFileType = sourcecode.c.h; path = CFBundlePriv.h; sourceTree = "<group>"; };
		F39D8C1C239EAF9E00F275B6 /* CFStorage.h */ = {isa = PBXFileReference; fileEncoding = 4; lastKnownFileType = sourcecode.c.h; path = CFStorage.h; sourceTree = "<group>"; };
		F39D8C1D239EAF9E00F275B6 /* CFSocket.c */ = {isa = PBXFileReference; fileEncoding = 4; lastKnownFileType = sourcecode.c.c; path = CFSocket.c; sourceTree = "<group>"; };
		F39D8C1E239EAF9E00F275B6 /* CFError_Private.h */ = {isa = PBXFileReference; fileEncoding = 4; lastKnownFileType = sourcecode.c.h; path = CFError_Private.h; sourceTree = "<group>"; };
		F39D8C1F239EAF9F00F275B6 /* CFRunLoop.c */ = {isa = PBXFileReference; fileEncoding = 4; lastKnownFileType = sourcecode.c.c; path = CFRunLoop.c; sourceTree = "<group>"; };
		F39D8C20239EAF9F00F275B6 /* CFBase.c */ = {isa = PBXFileReference; fileEncoding = 4; lastKnownFileType = sourcecode.c.c; path = CFBase.c; sourceTree = "<group>"; };
		F39D8C21239EAF9F00F275B6 /* CFNumber.c */ = {isa = PBXFileReference; fileEncoding = 4; lastKnownFileType = sourcecode.c.c; path = CFNumber.c; sourceTree = "<group>"; };
		F39D8C22239EAF9F00F275B6 /* CFXMLPreferencesDomain.c */ = {isa = PBXFileReference; fileEncoding = 4; lastKnownFileType = sourcecode.c.c; path = CFXMLPreferencesDomain.c; sourceTree = "<group>"; };
		F39D8C23239EAF9F00F275B6 /* CFStreamAbstract.h */ = {isa = PBXFileReference; fileEncoding = 4; lastKnownFileType = sourcecode.c.h; path = CFStreamAbstract.h; sourceTree = "<group>"; };
		F39D8C25239EAF9F00F275B6 /* CFUUID.h */ = {isa = PBXFileReference; fileEncoding = 4; lastKnownFileType = sourcecode.c.h; path = CFUUID.h; sourceTree = "<group>"; };
		F39D8C26239EAF9F00F275B6 /* CFURLPriv.h */ = {isa = PBXFileReference; fileEncoding = 4; lastKnownFileType = sourcecode.c.h; path = CFURLPriv.h; sourceTree = "<group>"; };
		F39D8C27239EAF9F00F275B6 /* CFBinaryPList.c */ = {isa = PBXFileReference; fileEncoding = 4; lastKnownFileType = sourcecode.c.c; path = CFBinaryPList.c; sourceTree = "<group>"; };
		F39D8C28239EAF9F00F275B6 /* CFBag.h */ = {isa = PBXFileReference; fileEncoding = 4; lastKnownFileType = sourcecode.c.h; path = CFBag.h; sourceTree = "<group>"; };
		F39D8C29239EAF9F00F275B6 /* CFUniCharPriv.h */ = {isa = PBXFileReference; fileEncoding = 4; lastKnownFileType = sourcecode.c.h; path = CFUniCharPriv.h; sourceTree = "<group>"; };
		F39D8C2A239EAF9F00F275B6 /* ForFoundationOnly.h */ = {isa = PBXFileReference; fileEncoding = 4; lastKnownFileType = sourcecode.c.h; path = ForFoundationOnly.h; sourceTree = "<group>"; };
		F39D8C2B239EAFA000F275B6 /* CFCalendar.h */ = {isa = PBXFileReference; fileEncoding = 4; lastKnownFileType = sourcecode.c.h; path = CFCalendar.h; sourceTree = "<group>"; };
		F39D8C2C239EAFA000F275B6 /* CFBase.h */ = {isa = PBXFileReference; fileEncoding = 4; lastKnownFileType = sourcecode.c.h; path = CFBase.h; sourceTree = "<group>"; };
		F39D8C2D239EAFA000F275B6 /* CFDateFormatter.h */ = {isa = PBXFileReference; fileEncoding = 4; lastKnownFileType = sourcecode.c.h; path = CFDateFormatter.h; sourceTree = "<group>"; };
		F39D8C2E239EAFA000F275B6 /* CFBundle.c */ = {isa = PBXFileReference; fileEncoding = 4; lastKnownFileType = sourcecode.c.c; path = CFBundle.c; sourceTree = "<group>"; };
		F39D8C2F239EAFA000F275B6 /* CFBinaryHeap.h */ = {isa = PBXFileReference; fileEncoding = 4; lastKnownFileType = sourcecode.c.h; path = CFBinaryHeap.h; sourceTree = "<group>"; };
		F39D8C30239EAFA000F275B6 /* CFBundle_Grok.c */ = {isa = PBXFileReference; fileEncoding = 4; lastKnownFileType = sourcecode.c.c; path = CFBundle_Grok.c; sourceTree = "<group>"; };
		F39D8C31239EAFA000F275B6 /* CFPreferences.c */ = {isa = PBXFileReference; fileEncoding = 4; lastKnownFileType = sourcecode.c.c; path = CFPreferences.c; sourceTree = "<group>"; };
		F39D8C32239EAFA000F275B6 /* CFURL.inc.h */ = {isa = PBXFileReference; fileEncoding = 4; lastKnownFileType = sourcecode.c.h; path = CFURL.inc.h; sourceTree = "<group>"; };
		F39D8C33239EAFA000F275B6 /* CFStringUtilities.c */ = {isa = PBXFileReference; fileEncoding = 4; lastKnownFileType = sourcecode.c.c; path = CFStringUtilities.c; sourceTree = "<group>"; };
		F39D8C34239EAFA000F275B6 /* CFXMLInputStream.h */ = {isa = PBXFileReference; fileEncoding = 4; lastKnownFileType = sourcecode.c.h; path = CFXMLInputStream.h; sourceTree = "<group>"; };
		F39D8C35239EAFA000F275B6 /* CFXMLParser.h */ = {isa = PBXFileReference; fileEncoding = 4; lastKnownFileType = sourcecode.c.h; path = CFXMLParser.h; sourceTree = "<group>"; };
		F39D8C36239EAFA000F275B6 /* CFStringEncodingExt.h */ = {isa = PBXFileReference; fileEncoding = 4; lastKnownFileType = sourcecode.c.h; path = CFStringEncodingExt.h; sourceTree = "<group>"; };
		F39D8C37239EAFA100F275B6 /* CFBag.c */ = {isa = PBXFileReference; fileEncoding = 4; lastKnownFileType = sourcecode.c.c; path = CFBag.c; sourceTree = "<group>"; };
		F39D8C38239EAFA100F275B6 /* CFSortFunctions.c */ = {isa = PBXFileReference; fileEncoding = 4; lastKnownFileType = sourcecode.c.c; path = CFSortFunctions.c; sourceTree = "<group>"; };
		F39D8C39239EAFA100F275B6 /* CFXMLParser.c */ = {isa = PBXFileReference; fileEncoding = 4; lastKnownFileType = sourcecode.c.c; path = CFXMLParser.c; sourceTree = "<group>"; };
		F39D8C3B239EAFA100F275B6 /* CFTimeZone.h */ = {isa = PBXFileReference; fileEncoding = 4; lastKnownFileType = sourcecode.c.h; path = CFTimeZone.h; sourceTree = "<group>"; };
		F39D8C3C239EAFA100F275B6 /* CFMachPort.h */ = {isa = PBXFileReference; fileEncoding = 4; lastKnownFileType = sourcecode.c.h; path = CFMachPort.h; sourceTree = "<group>"; };
		F39D8C3D239EAFA100F275B6 /* CFUtilities.h */ = {isa = PBXFileReference; fileEncoding = 4; lastKnownFileType = sourcecode.c.h; path = CFUtilities.h; sourceTree = "<group>"; };
		F39D8C3E239EAFA100F275B6 /* CFUserNotification.h */ = {isa = PBXFileReference; fileEncoding = 4; lastKnownFileType = sourcecode.c.h; path = CFUserNotification.h; sourceTree = "<group>"; };
		F39D8C3F239EAFA100F275B6 /* CFStorage.c */ = {isa = PBXFileReference; fileEncoding = 4; lastKnownFileType = sourcecode.c.c; path = CFStorage.c; sourceTree = "<group>"; };
		F39D8C40239EAFA100F275B6 /* CFDictionary.h */ = {isa = PBXFileReference; fileEncoding = 4; lastKnownFileType = sourcecode.c.h; path = CFDictionary.h; sourceTree = "<group>"; };
		F39D8C41239EAFA100F275B6 /* CFUnicodePrecomposition.h */ = {isa = PBXFileReference; fileEncoding = 4; lastKnownFileType = sourcecode.c.h; path = CFUnicodePrecomposition.h; sourceTree = "<group>"; };
		F39D8C42239EAFA100F275B6 /* CFXMLNode.h */ = {isa = PBXFileReference; fileEncoding = 4; lastKnownFileType = sourcecode.c.h; path = CFXMLNode.h; sourceTree = "<group>"; };
		F39D8C43239EAFA100F275B6 /* CFBasicHashFindBucket.m */ = {isa = PBXFileReference; fileEncoding = 4; lastKnownFileType = sourcecode.c.objc; path = CFBasicHashFindBucket.m; sourceTree = "<group>"; };
		F39D8C44239EAFA100F275B6 /* CFSocket.h */ = {isa = PBXFileReference; fileEncoding = 4; lastKnownFileType = sourcecode.c.h; path = CFSocket.h; sourceTree = "<group>"; };
		F39D8C45239EAFA200F275B6 /* CFBundle_Strings.c */ = {isa = PBXFileReference; fileEncoding = 4; lastKnownFileType = sourcecode.c.c; path = CFBundle_Strings.c; sourceTree = "<group>"; };
		F39D8C46239EAFA200F275B6 /* CFUnicodeDecomposition.h */ = {isa = PBXFileReference; fileEncoding = 4; lastKnownFileType = sourcecode.c.h; path = CFUnicodeDecomposition.h; sourceTree = "<group>"; };
		F39D8C48239EAFA200F275B6 /* CFMessagePort.c */ = {isa = PBXFileReference; fileEncoding = 4; lastKnownFileType = sourcecode.c.c; path = CFMessagePort.c; sourceTree = "<group>"; };
		F39D8C49239EAFA200F275B6 /* CFBurstTrie.h */ = {isa = PBXFileReference; fileEncoding = 4; lastKnownFileType = sourcecode.c.h; path = CFBurstTrie.h; sourceTree = "<group>"; };
		F39D8C4A239EAFA200F275B6 /* CFArray.h */ = {isa = PBXFileReference; fileEncoding = 4; lastKnownFileType = sourcecode.c.h; path = CFArray.h; sourceTree = "<group>"; };
		F39D8C4B239EAFA200F275B6 /* CFBundle_Locale.c */ = {isa = PBXFileReference; fileEncoding = 4; lastKnownFileType = sourcecode.c.c; path = CFBundle_Locale.c; sourceTree = "<group>"; };
		F39D8C4C239EAFA200F275B6 /* CFStringScanner.c */ = {isa = PBXFileReference; fileEncoding = 4; lastKnownFileType = sourcecode.c.c; path = CFStringScanner.c; sourceTree = "<group>"; };
		F39D8C4D239EAFA200F275B6 /* CFSocketStream.c */ = {isa = PBXFileReference; fileEncoding = 4; lastKnownFileType = sourcecode.c.c; path = CFSocketStream.c; sourceTree = "<group>"; };
		F39D8C4E239EAFA200F275B6 /* CFUnicodePrecomposition.c */ = {isa = PBXFileReference; fileEncoding = 4; lastKnownFileType = sourcecode.c.c; path = CFUnicodePrecomposition.c; sourceTree = "<group>"; };
		F39D8C4F239EAFA200F275B6 /* CFDictionary.c */ = {isa = PBXFileReference; fileEncoding = 4; lastKnownFileType = sourcecode.c.c; path = CFDictionary.c; sourceTree = "<group>"; };
		F39D8C50239EAFA200F275B6 /* CFXMLInputStream.c */ = {isa = PBXFileReference; fileEncoding = 4; lastKnownFileType = sourcecode.c.c; path = CFXMLInputStream.c; sourceTree = "<group>"; };
		F39D8C51239EAFA200F275B6 /* CFBitVector.c */ = {isa = PBXFileReference; fileEncoding = 4; lastKnownFileType = sourcecode.c.c; path = CFBitVector.c; sourceTree = "<group>"; };
		F39D8C52239EAFA300F275B6 /* CFError.c */ = {isa = PBXFileReference; fileEncoding = 4; lastKnownFileType = sourcecode.c.c; path = CFError.c; sourceTree = "<group>"; };
		F39D8C53239EAFA300F275B6 /* CFData.h */ = {isa = PBXFileReference; fileEncoding = 4; lastKnownFileType = sourcecode.c.h; path = CFData.h; sourceTree = "<group>"; };
		F39D8C54239EAFA300F275B6 /* CFLocale.c */ = {isa = PBXFileReference; fileEncoding = 4; lastKnownFileType = sourcecode.c.c; path = CFLocale.c; sourceTree = "<group>"; };
		F39D8C55239EAFA300F275B6 /* CFLogUtilities.h */ = {isa = PBXFileReference; fileEncoding = 4; lastKnownFileType = sourcecode.c.h; path = CFLogUtilities.h; sourceTree = "<group>"; };
		F39D8C56239EAFA300F275B6 /* CFString.c */ = {isa = PBXFileReference; fileEncoding = 4; lastKnownFileType = sourcecode.c.c; path = CFString.c; sourceTree = "<group>"; };
		F39D8C57239EAFA300F275B6 /* CFCalendar.c */ = {isa = PBXFileReference; fileEncoding = 4; lastKnownFileType = sourcecode.c.c; path = CFCalendar.c; sourceTree = "<group>"; };
		F39D8C58239EAFA300F275B6 /* CFRuntime.h */ = {isa = PBXFileReference; fileEncoding = 4; lastKnownFileType = sourcecode.c.h; path = CFRuntime.h; sourceTree = "<group>"; };
		F39D8C59239EAFA300F275B6 /* CFStringEncodingConverter.c */ = {isa = PBXFileReference; fileEncoding = 4; lastKnownFileType = sourcecode.c.c; path = CFStringEncodingConverter.c; sourceTree = "<group>"; };
		F39D8C5A239EAFA300F275B6 /* CFStringEncodingConverterPriv.h */ = {isa = PBXFileReference; fileEncoding = 4; lastKnownFileType = sourcecode.c.h; path = CFStringEncodingConverterPriv.h; sourceTree = "<group>"; };
		F39D8C5B239EAFA300F275B6 /* CFPlugIn.h */ = {isa = PBXFileReference; fileEncoding = 4; lastKnownFileType = sourcecode.c.h; path = CFPlugIn.h; sourceTree = "<group>"; };
		F39D8C5D239EAFA300F275B6 /* CFCharacterSetPriv.h */ = {isa = PBXFileReference; fileEncoding = 4; lastKnownFileType = sourcecode.c.h; path = CFCharacterSetPriv.h; sourceTree = "<group>"; };
		F39D8C5E239EAFA300F275B6 /* CFLocaleKeys.c */ = {isa = PBXFileReference; fileEncoding = 4; lastKnownFileType = sourcecode.c.c; path = CFLocaleKeys.c; sourceTree = "<group>"; };
		F39D8C5F239EAFA300F275B6 /* CFPlatformConverters.c */ = {isa = PBXFileReference; fileEncoding = 4; lastKnownFileType = sourcecode.c.c; path = CFPlatformConverters.c; sourceTree = "<group>"; };
		F39D8C60239EAFA300F275B6 /* TargetConditionals.h */ = {isa = PBXFileReference; fileEncoding = 4; lastKnownFileType = sourcecode.c.h; path = TargetConditionals.h; sourceTree = "<group>"; };
		F39D8C61239EAFA400F275B6 /* CFLocaleIdentifier.c */ = {isa = PBXFileReference; fileEncoding = 4; lastKnownFileType = sourcecode.c.c; path = CFLocaleIdentifier.c; sourceTree = "<group>"; };
		F39D8C62239EAFA400F275B6 /* CFSet.h */ = {isa = PBXFileReference; fileEncoding = 4; lastKnownFileType = sourcecode.c.h; path = CFSet.h; sourceTree = "<group>"; };
		F39D8C63239EAFA400F275B6 /* CFUniChar.h */ = {isa = PBXFileReference; fileEncoding = 4; lastKnownFileType = sourcecode.c.h; path = CFUniChar.h; sourceTree = "<group>"; };
		F39D8C64239EAFA400F275B6 /* CFICUConverters.c */ = {isa = PBXFileReference; fileEncoding = 4; lastKnownFileType = sourcecode.c.c; path = CFICUConverters.c; sourceTree = "<group>"; };
		F39D8C65239EAFA400F275B6 /* CFStringEncodingDatabase.h */ = {isa = PBXFileReference; fileEncoding = 4; lastKnownFileType = sourcecode.c.h; path = CFStringEncodingDatabase.h; sourceTree = "<group>"; };
		F39D8C66239EAFA400F275B6 /* CFURL.c */ = {isa = PBXFileReference; fileEncoding = 4; lastKnownFileType = sourcecode.c.c; path = CFURL.c; sourceTree = "<group>"; };
		F39D8C67239EAFA400F275B6 /* CFBundle_Internal.h */ = {isa = PBXFileReference; fileEncoding = 4; lastKnownFileType = sourcecode.c.h; path = CFBundle_Internal.h; sourceTree = "<group>"; };
		F39D8C68239EAFA400F275B6 /* CFPlugIn_Factory.c */ = {isa = PBXFileReference; fileEncoding = 4; lastKnownFileType = sourcecode.c.c; path = CFPlugIn_Factory.c; sourceTree = "<group>"; };
		F39D8C69239EAFA400F275B6 /* CFCharacterSet.h */ = {isa = PBXFileReference; fileEncoding = 4; lastKnownFileType = sourcecode.c.h; path = CFCharacterSet.h; sourceTree = "<group>"; };
		F39D8C6A239EAFA400F275B6 /* CFBundle_BinaryTypes.h */ = {isa = PBXFileReference; fileEncoding = 4; lastKnownFileType = sourcecode.c.h; path = CFBundle_BinaryTypes.h; sourceTree = "<group>"; };
		F39D8C6B239EAFA400F275B6 /* CFTree.h */ = {isa = PBXFileReference; fileEncoding = 4; lastKnownFileType = sourcecode.c.h; path = CFTree.h; sourceTree = "<group>"; };
		F39D8C6D239EAFA400F275B6 /* CFURLAccess.h */ = {isa = PBXFileReference; fileEncoding = 4; lastKnownFileType = sourcecode.c.h; path = CFURLAccess.h; sourceTree = "<group>"; };
		F39D8C6E239EAFA500F275B6 /* CFDate.h */ = {isa = PBXFileReference; fileEncoding = 4; lastKnownFileType = sourcecode.c.h; path = CFDate.h; sourceTree = "<group>"; };
		F39D8C6F239EAFA500F275B6 /* CFPropertyList.h */ = {isa = PBXFileReference; fileEncoding = 4; lastKnownFileType = sourcecode.c.h; path = CFPropertyList.h; sourceTree = "<group>"; };
		F39D8C71239EAFA500F275B6 /* CFStringDefaultEncoding.h */ = {isa = PBXFileReference; fileEncoding = 4; lastKnownFileType = sourcecode.c.h; path = CFStringDefaultEncoding.h; sourceTree = "<group>"; };
		F39D8C72239EAFA500F275B6 /* CFPlatform.c */ = {isa = PBXFileReference; fileEncoding = 4; lastKnownFileType = sourcecode.c.c; path = CFPlatform.c; sourceTree = "<group>"; };
		F39D8C73239EAFA500F275B6 /* CFCharacterSet.c */ = {isa = PBXFileReference; fileEncoding = 4; lastKnownFileType = sourcecode.c.c; path = CFCharacterSet.c; sourceTree = "<group>"; };
		F39D8C74239EAFA500F275B6 /* CFFileUtilities.c */ = {isa = PBXFileReference; fileEncoding = 4; lastKnownFileType = sourcecode.c.c; path = CFFileUtilities.c; sourceTree = "<group>"; };
		F39D8C75239EAFA500F275B6 /* CFApplicationPreferences.c */ = {isa = PBXFileReference; fileEncoding = 4; lastKnownFileType = sourcecode.c.c; path = CFApplicationPreferences.c; sourceTree = "<group>"; };
		F39D8C76239EAFA500F275B6 /* CFXMLNode.c */ = {isa = PBXFileReference; fileEncoding = 4; lastKnownFileType = sourcecode.c.c; path = CFXMLNode.c; sourceTree = "<group>"; };
		F39D8C77239EAFA500F275B6 /* CFBurstTrie.c */ = {isa = PBXFileReference; fileEncoding = 4; lastKnownFileType = sourcecode.c.c; path = CFBurstTrie.c; sourceTree = "<group>"; };
		F39D8C78239EAFA500F275B6 /* CFBundle_Binary.c */ = {isa = PBXFileReference; fileEncoding = 4; lastKnownFileType = sourcecode.c.c; path = CFBundle_Binary.c; sourceTree = "<group>"; };
		F39D8C79239EAFA500F275B6 /* CFPlugIn_PlugIn.c */ = {isa = PBXFileReference; fileEncoding = 4; lastKnownFileType = sourcecode.c.c; path = CFPlugIn_PlugIn.c; sourceTree = "<group>"; };
		F39D8C7A239EAFA500F275B6 /* CFBuiltinConverters.c */ = {isa = PBXFileReference; fileEncoding = 4; lastKnownFileType = sourcecode.c.c; path = CFBuiltinConverters.c; sourceTree = "<group>"; };
		F39D8C7B239EAFA500F275B6 /* CFError.h */ = {isa = PBXFileReference; fileEncoding = 4; lastKnownFileType = sourcecode.c.h; path = CFError.h; sourceTree = "<group>"; };
		F39D8C7C239EAFA600F275B6 /* CFRunLoop.h */ = {isa = PBXFileReference; fileEncoding = 4; lastKnownFileType = sourcecode.c.h; path = CFRunLoop.h; sourceTree = "<group>"; };
		F39D8C7D239EAFA600F275B6 /* CFMachPort.c */ = {isa = PBXFileReference; fileEncoding = 4; lastKnownFileType = sourcecode.c.c; path = CFMachPort.c; sourceTree = "<group>"; };
		F39D8C7E239EAFA600F275B6 /* CFStringEncodingConverterExt.h */ = {isa = PBXFileReference; fileEncoding = 4; lastKnownFileType = sourcecode.c.h; path = CFStringEncodingConverterExt.h; sourceTree = "<group>"; };
		F39D8C7F239EAFA600F275B6 /* CFPlugIn.c */ = {isa = PBXFileReference; fileEncoding = 4; lastKnownFileType = sourcecode.c.c; path = CFPlugIn.c; sourceTree = "<group>"; };
		F39D8C80239EAFA600F275B6 /* CFStream.c */ = {isa = PBXFileReference; fileEncoding = 4; lastKnownFileType = sourcecode.c.c; path = CFStream.c; sourceTree = "<group>"; };
		F39D8C81239EAFA600F275B6 /* CFMessagePort.h */ = {isa = PBXFileReference; fileEncoding = 4; lastKnownFileType = sourcecode.c.h; path = CFMessagePort.h; sourceTree = "<group>"; };
		F39D8C82239EAFA600F275B6 /* CFUnicodeDecomposition.c */ = {isa = PBXFileReference; fileEncoding = 4; lastKnownFileType = sourcecode.c.c; path = CFUnicodeDecomposition.c; sourceTree = "<group>"; };
		F39D8C83239EAFA600F275B6 /* CFConcreteStreams.c */ = {isa = PBXFileReference; fileEncoding = 4; lastKnownFileType = sourcecode.c.c; path = CFConcreteStreams.c; sourceTree = "<group>"; };
		F39D8C84239EAFA600F275B6 /* CFICUConverters.h */ = {isa = PBXFileReference; fileEncoding = 4; lastKnownFileType = sourcecode.c.h; path = CFICUConverters.h; sourceTree = "<group>"; };
		F39D8C85239EAFA600F275B6 /* CFStringEncodingConverter.h */ = {isa = PBXFileReference; fileEncoding = 4; lastKnownFileType = sourcecode.c.h; path = CFStringEncodingConverter.h; sourceTree = "<group>"; };
		F39D8C86239EAFA600F275B6 /* CFICULogging.h */ = {isa = PBXFileReference; fileEncoding = 4; lastKnownFileType = sourcecode.c.h; path = CFICULogging.h; sourceTree = "<group>"; };
		F39D8C87239EAFA600F275B6 /* CFStringEncodingDatabase.c */ = {isa = PBXFileReference; fileEncoding = 4; lastKnownFileType = sourcecode.c.c; path = CFStringEncodingDatabase.c; sourceTree = "<group>"; };
		F39D8C88239EAFA700F275B6 /* CFSystemDirectories.c */ = {isa = PBXFileReference; fileEncoding = 4; lastKnownFileType = sourcecode.c.c; path = CFSystemDirectories.c; sourceTree = "<group>"; };
		F39D8C89239EAFA700F275B6 /* CFUtilities.c */ = {isa = PBXFileReference; fileEncoding = 4; lastKnownFileType = sourcecode.c.c; path = CFUtilities.c; sourceTree = "<group>"; };
		F39D8C8A239EAFA700F275B6 /* CFWindowsUtilities.c */ = {isa = PBXFileReference; fileEncoding = 4; lastKnownFileType = sourcecode.c.c; path = CFWindowsUtilities.c; sourceTree = "<group>"; };
		F39D8C8B239EAFA700F275B6 /* CoreFoundation_Prefix.h */ = {isa = PBXFileReference; fileEncoding = 4; lastKnownFileType = sourcecode.c.h; path = CoreFoundation_Prefix.h; sourceTree = "<group>"; };
		F39D8C8C239EAFA700F275B6 /* CFBitVector.h */ = {isa = PBXFileReference; fileEncoding = 4; lastKnownFileType = sourcecode.c.h; path = CFBitVector.h; sourceTree = "<group>"; };
		F39D8C8D239EAFA700F275B6 /* CFStream.h */ = {isa = PBXFileReference; fileEncoding = 4; lastKnownFileType = sourcecode.c.h; path = CFStream.h; sourceTree = "<group>"; };
		F39D8C8E239EAFA700F275B6 /* CoreFoundation.h */ = {isa = PBXFileReference; fileEncoding = 4; lastKnownFileType = sourcecode.c.h; path = CoreFoundation.h; sourceTree = "<group>"; };
		F39D8C8F239EAFA700F275B6 /* CFStringEncodings.c */ = {isa = PBXFileReference; fileEncoding = 4; lastKnownFileType = sourcecode.c.c; path = CFStringEncodings.c; sourceTree = "<group>"; };
		F39D8C90239EAFAB00F275B6 /* CFPlugIn_Instance.c */ = {isa = PBXFileReference; fileEncoding = 4; lastKnownFileType = sourcecode.c.c; path = CFPlugIn_Instance.c; sourceTree = "<group>"; };
		F39D8C91239EAFAB00F275B6 /* CFDate.c */ = {isa = PBXFileReference; fileEncoding = 4; lastKnownFileType = sourcecode.c.c; path = CFDate.c; sourceTree = "<group>"; };
		F39D8C92239EAFAB00F275B6 /* CFLocaleInternal.h */ = {isa = PBXFileReference; fileEncoding = 4; lastKnownFileType = sourcecode.c.h; path = CFLocaleInternal.h; sourceTree = "<group>"; };
		F39D8C93239EAFAB00F275B6 /* CFRuntime.c */ = {isa = PBXFileReference; fileEncoding = 4; lastKnownFileType = sourcecode.c.c; path = CFRuntime.c; sourceTree = "<group>"; };
		F39D8C94239EAFAB00F275B6 /* CFPlugIn_Factory.h */ = {isa = PBXFileReference; fileEncoding = 4; lastKnownFileType = sourcecode.c.h; path = CFPlugIn_Factory.h; sourceTree = "<group>"; };
		F39D8C95239EAFAB00F275B6 /* CFPlugInCOM.h */ = {isa = PBXFileReference; fileEncoding = 4; lastKnownFileType = sourcecode.c.h; path = CFPlugInCOM.h; sourceTree = "<group>"; };
		F39D8C96239EAFAC00F275B6 /* CFLocale.h */ = {isa = PBXFileReference; fileEncoding = 4; lastKnownFileType = sourcecode.c.h; path = CFLocale.h; sourceTree = "<group>"; };
		F39D8C97239EAFAC00F275B6 /* CFAvailability.h */ = {isa = PBXFileReference; fileEncoding = 4; lastKnownFileType = sourcecode.c.h; path = CFAvailability.h; sourceTree = "<group>"; };
		F39D8C98239EAFAC00F275B6 /* CFBinaryHeap.c */ = {isa = PBXFileReference; fileEncoding = 4; lastKnownFileType = sourcecode.c.c; path = CFBinaryHeap.c; sourceTree = "<group>"; };
		F39D8C99239EAFAC00F275B6 /* CFBigNumber.h */ = {isa = PBXFileReference; fileEncoding = 4; lastKnownFileType = sourcecode.c.h; path = CFBigNumber.h; sourceTree = "<group>"; };
		F39D8C9A239EAFAC00F275B6 /* CFDateFormatter.c */ = {isa = PBXFileReference; fileEncoding = 4; lastKnownFileType = sourcecode.c.c; path = CFDateFormatter.c; sourceTree = "<group>"; };
		F39D8C9C239EAFAC00F275B6 /* CFString.h */ = {isa = PBXFileReference; fileEncoding = 4; lastKnownFileType = sourcecode.c.h; path = CFString.h; sourceTree = "<group>"; };
		F39D8C9D239EAFAC00F275B6 /* CFTimeZone.c */ = {isa = PBXFileReference; fileEncoding = 4; lastKnownFileType = sourcecode.c.c; path = CFTimeZone.c; sourceTree = "<group>"; };
		F39D8C9E239EAFAC00F275B6 /* CFArray.c */ = {isa = PBXFileReference; fileEncoding = 4; lastKnownFileType = sourcecode.c.c; path = CFArray.c; sourceTree = "<group>"; };
		F39D8C9F239EAFAC00F275B6 /* CFBigNumber.c */ = {isa = PBXFileReference; fileEncoding = 4; lastKnownFileType = sourcecode.c.c; path = CFBigNumber.c; sourceTree = "<group>"; };
		F39D8CA0239EAFAC00F275B6 /* CFXMLTree.c */ = {isa = PBXFileReference; fileEncoding = 4; lastKnownFileType = sourcecode.c.c; path = CFXMLTree.c; sourceTree = "<group>"; };
		F39D8CA1239EAFAC00F275B6 /* CFPreferences.h */ = {isa = PBXFileReference; fileEncoding = 4; lastKnownFileType = sourcecode.c.h; path = CFPreferences.h; sourceTree = "<group>"; };
		F39D8CA2239EAFAD00F275B6 /* CFURLAccess.c */ = {isa = PBXFileReference; fileEncoding = 4; lastKnownFileType = sourcecode.c.c; path = CFURLAccess.c; sourceTree = "<group>"; };
		F39D8CA3239EAFAD00F275B6 /* CFBundle_InfoPlist.c */ = {isa = PBXFileReference; fileEncoding = 4; lastKnownFileType = sourcecode.c.c; path = CFBundle_InfoPlist.c; sourceTree = "<group>"; };
		F39D8CA5239EAFAD00F275B6 /* CFPropertyList.c */ = {isa = PBXFileReference; fileEncoding = 4; lastKnownFileType = sourcecode.c.c; path = CFPropertyList.c; sourceTree = "<group>"; };
		F39D8CA6239EAFAD00F275B6 /* CFNumber.h */ = {isa = PBXFileReference; fileEncoding = 4; lastKnownFileType = sourcecode.c.h; path = CFNumber.h; sourceTree = "<group>"; };
		F39D8CA8239EAFAD00F275B6 /* CFUserNotification.c */ = {isa = PBXFileReference; fileEncoding = 4; lastKnownFileType = sourcecode.c.c; path = CFUserNotification.c; sourceTree = "<group>"; };
		F39D8CA9239EAFAD00F275B6 /* CFNumberFormatter.c */ = {isa = PBXFileReference; fileEncoding = 4; lastKnownFileType = sourcecode.c.c; path = CFNumberFormatter.c; sourceTree = "<group>"; };
		F39D8CAA239EAFAD00F275B6 /* CFBundle_Resources.c */ = {isa = PBXFileReference; fileEncoding = 4; lastKnownFileType = sourcecode.c.c; path = CFBundle_Resources.c; sourceTree = "<group>"; };
		F39D8CAB239EAFAD00F275B6 /* CFPriv.h */ = {isa = PBXFileReference; fileEncoding = 4; lastKnownFileType = sourcecode.c.h; path = CFPriv.h; sourceTree = "<group>"; };
		F39D8CAC239EAFAD00F275B6 /* CFOldStylePList.c */ = {isa = PBXFileReference; fileEncoding = 4; lastKnownFileType = sourcecode.c.c; path = CFOldStylePList.c; sourceTree = "<group>"; };
		F39D8CAD239EAFAD00F275B6 /* CFBasicHash.c */ = {isa = PBXFileReference; fileEncoding = 4; lastKnownFileType = sourcecode.c.c; path = CFBasicHash.c; sourceTree = "<group>"; };
		F39D8CAE239EAFAD00F275B6 /* CFURL.h */ = {isa = PBXFileReference; fileEncoding = 4; lastKnownFileType = sourcecode.c.h; path = CFURL.h; sourceTree = "<group>"; };
/* End PBXFileReference section */

/* Begin PBXFrameworksBuildPhase section */
		F39D8BFE239EAEF300F275B6 /* Frameworks */ = {
			isa = PBXFrameworksBuildPhase;
			buildActionMask = 2147483647;
			files = (
			);
			runOnlyForDeploymentPostprocessing = 0;
		};
/* End PBXFrameworksBuildPhase section */

/* Begin PBXGroup section */
		F39D8BF8239EAEF300F275B6 = {
			isa = PBXGroup;
			children = (
				F39D8C0B239EAEFB00F275B6 /* CoreFoundation */,
				F39D8C03239EAEF300F275B6 /* RunLoop */,
				F39D8C02239EAEF300F275B6 /* Products */,
			);
			sourceTree = "<group>";
		};
		F39D8C02239EAEF300F275B6 /* Products */ = {
			isa = PBXGroup;
			children = (
				F39D8C01239EAEF300F275B6 /* RunLoop */,
			);
			name = Products;
			sourceTree = "<group>";
		};
		F39D8C03239EAEF300F275B6 /* RunLoop */ = {
			isa = PBXGroup;
			children = (
				F39D8C04239EAEF300F275B6 /* main.m */,
			);
			path = RunLoop;
			sourceTree = "<group>";
		};
		F39D8C0B239EAEFB00F275B6 /* CoreFoundation */ = {
			isa = PBXGroup;
			children = (
				F39D8C75239EAFA500F275B6 /* CFApplicationPreferences.c */,
				F39D8C9E239EAFAC00F275B6 /* CFArray.c */,
				F39D8C4A239EAFA200F275B6 /* CFArray.h */,
				F39D8C97239EAFAC00F275B6 /* CFAvailability.h */,
				F39D8C37239EAFA100F275B6 /* CFBag.c */,
				F39D8C28239EAF9F00F275B6 /* CFBag.h */,
				F39D8C20239EAF9F00F275B6 /* CFBase.c */,
				F39D8C2C239EAFA000F275B6 /* CFBase.h */,
				F39D8CAD239EAFAD00F275B6 /* CFBasicHash.c */,
				F39D8C0D239EAF9E00F275B6 /* CFBasicHash.h */,
				F39D8C43239EAFA100F275B6 /* CFBasicHashFindBucket.m */,
				F39D8C9F239EAFAC00F275B6 /* CFBigNumber.c */,
				F39D8C99239EAFAC00F275B6 /* CFBigNumber.h */,
				F39D8C98239EAFAC00F275B6 /* CFBinaryHeap.c */,
				F39D8C2F239EAFA000F275B6 /* CFBinaryHeap.h */,
				F39D8C27239EAF9F00F275B6 /* CFBinaryPList.c */,
				F39D8C51239EAFA200F275B6 /* CFBitVector.c */,
				F39D8C8C239EAFA700F275B6 /* CFBitVector.h */,
				F39D8C7A239EAFA500F275B6 /* CFBuiltinConverters.c */,
				F39D8C78239EAFA500F275B6 /* CFBundle_Binary.c */,
				F39D8C6A239EAFA400F275B6 /* CFBundle_BinaryTypes.h */,
				F39D8C30239EAFA000F275B6 /* CFBundle_Grok.c */,
				F39D8CA3239EAFAD00F275B6 /* CFBundle_InfoPlist.c */,
				F39D8C67239EAFA400F275B6 /* CFBundle_Internal.h */,
				F39D8C4B239EAFA200F275B6 /* CFBundle_Locale.c */,
				F39D8CAA239EAFAD00F275B6 /* CFBundle_Resources.c */,
				F39D8C45239EAFA200F275B6 /* CFBundle_Strings.c */,
				F39D8C2E239EAFA000F275B6 /* CFBundle.c */,
				F39D8C10239EAF9E00F275B6 /* CFBundle.h */,
				F39D8C1B239EAF9E00F275B6 /* CFBundlePriv.h */,
				F39D8C77239EAFA500F275B6 /* CFBurstTrie.c */,
				F39D8C49239EAFA200F275B6 /* CFBurstTrie.h */,
				F39D8C19239EAF9E00F275B6 /* CFByteOrder.h */,
				F39D8C57239EAFA300F275B6 /* CFCalendar.c */,
				F39D8C2B239EAFA000F275B6 /* CFCalendar.h */,
				F39D8C73239EAFA500F275B6 /* CFCharacterSet.c */,
				F39D8C69239EAFA400F275B6 /* CFCharacterSet.h */,
				F39D8C5D239EAFA300F275B6 /* CFCharacterSetPriv.h */,
				F39D8C83239EAFA600F275B6 /* CFConcreteStreams.c */,
				F39D8C0F239EAF9E00F275B6 /* CFData.c */,
				F39D8C53239EAFA300F275B6 /* CFData.h */,
				F39D8C91239EAFAB00F275B6 /* CFDate.c */,
				F39D8C6E239EAFA500F275B6 /* CFDate.h */,
				F39D8C9A239EAFAC00F275B6 /* CFDateFormatter.c */,
				F39D8C2D239EAFA000F275B6 /* CFDateFormatter.h */,
				F39D8C4F239EAFA200F275B6 /* CFDictionary.c */,
				F39D8C40239EAFA100F275B6 /* CFDictionary.h */,
				F39D8C1E239EAF9E00F275B6 /* CFError_Private.h */,
				F39D8C52239EAFA300F275B6 /* CFError.c */,
				F39D8C7B239EAFA500F275B6 /* CFError.h */,
				F39D8C74239EAFA500F275B6 /* CFFileUtilities.c */,
				F39D8C64239EAFA400F275B6 /* CFICUConverters.c */,
				F39D8C84239EAFA600F275B6 /* CFICUConverters.h */,
				F39D8C86239EAFA600F275B6 /* CFICULogging.h */,
				F39D8C1A239EAF9E00F275B6 /* CFInternal.h */,
				F39D8C54239EAFA300F275B6 /* CFLocale.c */,
				F39D8C96239EAFAC00F275B6 /* CFLocale.h */,
				F39D8C61239EAFA400F275B6 /* CFLocaleIdentifier.c */,
				F39D8C92239EAFAB00F275B6 /* CFLocaleInternal.h */,
				F39D8C5E239EAFA300F275B6 /* CFLocaleKeys.c */,
				F39D8C55239EAFA300F275B6 /* CFLogUtilities.h */,
				F39D8C7D239EAFA600F275B6 /* CFMachPort.c */,
				F39D8C3C239EAFA100F275B6 /* CFMachPort.h */,
				F39D8C48239EAFA200F275B6 /* CFMessagePort.c */,
				F39D8C81239EAFA600F275B6 /* CFMessagePort.h */,
				F39D8C21239EAF9F00F275B6 /* CFNumber.c */,
				F39D8CA6239EAFAD00F275B6 /* CFNumber.h */,
				F39D8CA9239EAFAD00F275B6 /* CFNumberFormatter.c */,
				F39D8C0C239EAF9D00F275B6 /* CFNumberFormatter.h */,
				F39D8CAC239EAFAD00F275B6 /* CFOldStylePList.c */,
				F39D8C72239EAFA500F275B6 /* CFPlatform.c */,
				F39D8C5F239EAFA300F275B6 /* CFPlatformConverters.c */,
				F39D8C68239EAFA400F275B6 /* CFPlugIn_Factory.c */,
				F39D8C94239EAFAB00F275B6 /* CFPlugIn_Factory.h */,
				F39D8C90239EAFAB00F275B6 /* CFPlugIn_Instance.c */,
				F39D8C79239EAFA500F275B6 /* CFPlugIn_PlugIn.c */,
				F39D8C7F239EAFA600F275B6 /* CFPlugIn.c */,
				F39D8C5B239EAFA300F275B6 /* CFPlugIn.h */,
				F39D8C95239EAFAB00F275B6 /* CFPlugInCOM.h */,
				F39D8C31239EAFA000F275B6 /* CFPreferences.c */,
				F39D8CA1239EAFAC00F275B6 /* CFPreferences.h */,
				F39D8CAB239EAFAD00F275B6 /* CFPriv.h */,
				F39D8CA5239EAFAD00F275B6 /* CFPropertyList.c */,
				F39D8C6F239EAFA500F275B6 /* CFPropertyList.h */,
				F39D8C1F239EAF9F00F275B6 /* CFRunLoop.c */,
				F39D8C7C239EAFA600F275B6 /* CFRunLoop.h */,
				F39D8C93239EAFAB00F275B6 /* CFRuntime.c */,
				F39D8C58239EAFA300F275B6 /* CFRuntime.h */,
				F39D8C0E239EAF9E00F275B6 /* CFSet.c */,
				F39D8C62239EAFA400F275B6 /* CFSet.h */,
				F39D8C1D239EAF9E00F275B6 /* CFSocket.c */,
				F39D8C44239EAFA100F275B6 /* CFSocket.h */,
				F39D8C4D239EAFA200F275B6 /* CFSocketStream.c */,
				F39D8C38239EAFA100F275B6 /* CFSortFunctions.c */,
				F39D8C3F239EAFA100F275B6 /* CFStorage.c */,
				F39D8C1C239EAF9E00F275B6 /* CFStorage.h */,
				F39D8C80239EAFA600F275B6 /* CFStream.c */,
				F39D8C8D239EAFA700F275B6 /* CFStream.h */,
				F39D8C23239EAF9F00F275B6 /* CFStreamAbstract.h */,
				F39D8C13239EAF9E00F275B6 /* CFStreamInternal.h */,
				F39D8C14239EAF9E00F275B6 /* CFStreamPriv.h */,
				F39D8C56239EAFA300F275B6 /* CFString.c */,
				F39D8C9C239EAFAC00F275B6 /* CFString.h */,
				F39D8C71239EAFA500F275B6 /* CFStringDefaultEncoding.h */,
				F39D8C59239EAFA300F275B6 /* CFStringEncodingConverter.c */,
				F39D8C85239EAFA600F275B6 /* CFStringEncodingConverter.h */,
				F39D8C7E239EAFA600F275B6 /* CFStringEncodingConverterExt.h */,
				F39D8C5A239EAFA300F275B6 /* CFStringEncodingConverterPriv.h */,
				F39D8C87239EAFA600F275B6 /* CFStringEncodingDatabase.c */,
				F39D8C65239EAFA400F275B6 /* CFStringEncodingDatabase.h */,
				F39D8C36239EAFA000F275B6 /* CFStringEncodingExt.h */,
				F39D8C8F239EAFA700F275B6 /* CFStringEncodings.c */,
				F39D8C4C239EAFA200F275B6 /* CFStringScanner.c */,
				F39D8C33239EAFA000F275B6 /* CFStringUtilities.c */,
				F39D8C88239EAFA700F275B6 /* CFSystemDirectories.c */,
				F39D8C9D239EAFAC00F275B6 /* CFTimeZone.c */,
				F39D8C3B239EAFA100F275B6 /* CFTimeZone.h */,
				F39D8C17239EAF9E00F275B6 /* CFTree.c */,
				F39D8C6B239EAFA400F275B6 /* CFTree.h */,
				F39D8C11239EAF9E00F275B6 /* CFUniChar.c */,
				F39D8C63239EAFA400F275B6 /* CFUniChar.h */,
				F39D8C29239EAF9F00F275B6 /* CFUniCharPriv.h */,
				F39D8C82239EAFA600F275B6 /* CFUnicodeDecomposition.c */,
				F39D8C46239EAFA200F275B6 /* CFUnicodeDecomposition.h */,
				F39D8C4E239EAFA200F275B6 /* CFUnicodePrecomposition.c */,
				F39D8C41239EAFA100F275B6 /* CFUnicodePrecomposition.h */,
				F39D8C66239EAFA400F275B6 /* CFURL.c */,
				F39D8CAE239EAFAD00F275B6 /* CFURL.h */,
				F39D8C32239EAFA000F275B6 /* CFURL.inc.h */,
				F39D8CA2239EAFAD00F275B6 /* CFURLAccess.c */,
				F39D8C6D239EAFA400F275B6 /* CFURLAccess.h */,
				F39D8C26239EAF9F00F275B6 /* CFURLPriv.h */,
				F39D8CA8239EAFAD00F275B6 /* CFUserNotification.c */,
				F39D8C3E239EAFA100F275B6 /* CFUserNotification.h */,
				F39D8C89239EAFA700F275B6 /* CFUtilities.c */,
				F39D8C3D239EAFA100F275B6 /* CFUtilities.h */,
				F39D8C15239EAF9E00F275B6 /* CFUUID.c */,
				F39D8C25239EAF9F00F275B6 /* CFUUID.h */,
				F39D8C16239EAF9E00F275B6 /* CFVersion.c */,
				F39D8C8A239EAFA700F275B6 /* CFWindowsUtilities.c */,
				F39D8C50239EAFA200F275B6 /* CFXMLInputStream.c */,
				F39D8C34239EAFA000F275B6 /* CFXMLInputStream.h */,
				F39D8C76239EAFA500F275B6 /* CFXMLNode.c */,
				F39D8C42239EAFA100F275B6 /* CFXMLNode.h */,
				F39D8C39239EAFA100F275B6 /* CFXMLParser.c */,
				F39D8C35239EAFA000F275B6 /* CFXMLParser.h */,
				F39D8C22239EAF9F00F275B6 /* CFXMLPreferencesDomain.c */,
				F39D8CA0239EAFAC00F275B6 /* CFXMLTree.c */,
				F39D8C8B239EAFA700F275B6 /* CoreFoundation_Prefix.h */,
				F39D8C8E239EAFA700F275B6 /* CoreFoundation.h */,
				F39D8C2A239EAF9F00F275B6 /* ForFoundationOnly.h */,
				F39D8C60239EAFA300F275B6 /* TargetConditionals.h */,
			);
			path = CoreFoundation;
			sourceTree = "<group>";
		};
/* End PBXGroup section */

/* Begin PBXNativeTarget section */
		F39D8C00239EAEF300F275B6 /* RunLoop */ = {
			isa = PBXNativeTarget;
			buildConfigurationList = F39D8C08239EAEF300F275B6 /* Build configuration list for PBXNativeTarget "RunLoop" */;
			buildPhases = (
				F39D8BFD239EAEF300F275B6 /* Sources */,
				F39D8BFE239EAEF300F275B6 /* Frameworks */,
				F39D8BFF239EAEF300F275B6 /* CopyFiles */,
			);
			buildRules = (
			);
			dependencies = (
			);
			name = RunLoop;
			productName = RunLoop;
			productReference = F39D8C01239EAEF300F275B6 /* RunLoop */;
			productType = "com.apple.product-type.tool";
		};
/* End PBXNativeTarget section */

/* Begin PBXProject section */
		F39D8BF9239EAEF300F275B6 /* Project object */ = {
			isa = PBXProject;
			attributes = {
				LastUpgradeCheck = 1120;
				ORGANIZATIONNAME = "Bowen Group";
				TargetAttributes = {
					F39D8C00239EAEF300F275B6 = {
						CreatedOnToolsVersion = 11.2.1;
					};
				};
			};
			buildConfigurationList = F39D8BFC239EAEF300F275B6 /* Build configuration list for PBXProject "RunLoop" */;
			compatibilityVersion = "Xcode 9.3";
			developmentRegion = en;
			hasScannedForEncodings = 0;
			knownRegions = (
				en,
				Base,
			);
			mainGroup = F39D8BF8239EAEF300F275B6;
			productRefGroup = F39D8C02239EAEF300F275B6 /* Products */;
			projectDirPath = "";
			projectRoot = "";
			targets = (
				F39D8C00239EAEF300F275B6 /* RunLoop */,
			);
		};
/* End PBXProject section */

/* Begin PBXSourcesBuildPhase section */
		F39D8BFD239EAEF300F275B6 /* Sources */ = {
			isa = PBXSourcesBuildPhase;
			buildActionMask = 2147483647;
			files = (
				F39D8CFF239EB25C00F275B6 /* main.m in Sources */,
			);
			runOnlyForDeploymentPostprocessing = 0;
		};
/* End PBXSourcesBuildPhase section */

/* Begin XCBuildConfiguration section */
		F39D8C06239EAEF300F275B6 /* Debug */ = {
			isa = XCBuildConfiguration;
			buildSettings = {
				ALWAYS_SEARCH_USER_PATHS = NO;
				CLANG_ANALYZER_NONNULL = YES;
				CLANG_ANALYZER_NUMBER_OBJECT_CONVERSION = YES_AGGRESSIVE;
				CLANG_CXX_LANGUAGE_STANDARD = "gnu++14";
				CLANG_CXX_LIBRARY = "libc++";
				CLANG_ENABLE_MODULES = YES;
				CLANG_ENABLE_OBJC_ARC = YES;
				CLANG_ENABLE_OBJC_WEAK = YES;
				CLANG_WARN_BLOCK_CAPTURE_AUTORELEASING = YES;
				CLANG_WARN_BOOL_CONVERSION = YES;
				CLANG_WARN_COMMA = YES;
				CLANG_WARN_CONSTANT_CONVERSION = YES;
				CLANG_WARN_DEPRECATED_OBJC_IMPLEMENTATIONS = YES;
				CLANG_WARN_DIRECT_OBJC_ISA_USAGE = YES_ERROR;
				CLANG_WARN_DOCUMENTATION_COMMENTS = YES;
				CLANG_WARN_EMPTY_BODY = YES;
				CLANG_WARN_ENUM_CONVERSION = YES;
				CLANG_WARN_INFINITE_RECURSION = YES;
				CLANG_WARN_INT_CONVERSION = YES;
				CLANG_WARN_NON_LITERAL_NULL_CONVERSION = YES;
				CLANG_WARN_OBJC_IMPLICIT_RETAIN_SELF = YES;
				CLANG_WARN_OBJC_LITERAL_CONVERSION = YES;
				CLANG_WARN_OBJC_ROOT_CLASS = YES_ERROR;
				CLANG_WARN_RANGE_LOOP_ANALYSIS = YES;
				CLANG_WARN_STRICT_PROTOTYPES = YES;
				CLANG_WARN_SUSPICIOUS_MOVE = YES;
				CLANG_WARN_UNGUARDED_AVAILABILITY = YES_AGGRESSIVE;
				CLANG_WARN_UNREACHABLE_CODE = YES;
				CLANG_WARN__DUPLICATE_METHOD_MATCH = YES;
				COPY_PHASE_STRIP = NO;
				DEBUG_INFORMATION_FORMAT = dwarf;
				ENABLE_STRICT_OBJC_MSGSEND = YES;
				ENABLE_TESTABILITY = YES;
				GCC_C_LANGUAGE_STANDARD = gnu11;
				GCC_DYNAMIC_NO_PIC = NO;
				GCC_NO_COMMON_BLOCKS = YES;
				GCC_OPTIMIZATION_LEVEL = 0;
				GCC_PREPROCESSOR_DEFINITIONS = (
					"DEBUG=1",
					"$(inherited)",
				);
				GCC_WARN_64_TO_32_BIT_CONVERSION = YES;
				GCC_WARN_ABOUT_RETURN_TYPE = YES_ERROR;
				GCC_WARN_UNDECLARED_SELECTOR = YES;
				GCC_WARN_UNINITIALIZED_AUTOS = YES_AGGRESSIVE;
				GCC_WARN_UNUSED_FUNCTION = YES;
				GCC_WARN_UNUSED_VARIABLE = YES;
				MACOSX_DEPLOYMENT_TARGET = 10.15;
				MTL_ENABLE_DEBUG_INFO = INCLUDE_SOURCE;
				MTL_FAST_MATH = YES;
				ONLY_ACTIVE_ARCH = YES;
				SDKROOT = macosx;
			};
			name = Debug;
		};
		F39D8C07239EAEF300F275B6 /* Release */ = {
			isa = XCBuildConfiguration;
			buildSettings = {
				ALWAYS_SEARCH_USER_PATHS = NO;
				CLANG_ANALYZER_NONNULL = YES;
				CLANG_ANALYZER_NUMBER_OBJECT_CONVERSION = YES_AGGRESSIVE;
				CLANG_CXX_LANGUAGE_STANDARD = "gnu++14";
				CLANG_CXX_LIBRARY = "libc++";
				CLANG_ENABLE_MODULES = YES;
				CLANG_ENABLE_OBJC_ARC = YES;
				CLANG_ENABLE_OBJC_WEAK = YES;
				CLANG_WARN_BLOCK_CAPTURE_AUTORELEASING = YES;
				CLANG_WARN_BOOL_CONVERSION = YES;
				CLANG_WARN_COMMA = YES;
				CLANG_WARN_CONSTANT_CONVERSION = YES;
				CLANG_WARN_DEPRECATED_OBJC_IMPLEMENTATIONS = YES;
				CLANG_WARN_DIRECT_OBJC_ISA_USAGE = YES_ERROR;
				CLANG_WARN_DOCUMENTATION_COMMENTS = YES;
				CLANG_WARN_EMPTY_BODY = YES;
				CLANG_WARN_ENUM_CONVERSION = YES;
				CLANG_WARN_INFINITE_RECURSION = YES;
				CLANG_WARN_INT_CONVERSION = YES;
				CLANG_WARN_NON_LITERAL_NULL_CONVERSION = YES;
				CLANG_WARN_OBJC_IMPLICIT_RETAIN_SELF = YES;
				CLANG_WARN_OBJC_LITERAL_CONVERSION = YES;
				CLANG_WARN_OBJC_ROOT_CLASS = YES_ERROR;
				CLANG_WARN_RANGE_LOOP_ANALYSIS = YES;
				CLANG_WARN_STRICT_PROTOTYPES = YES;
				CLANG_WARN_SUSPICIOUS_MOVE = YES;
				CLANG_WARN_UNGUARDED_AVAILABILITY = YES_AGGRESSIVE;
				CLANG_WARN_UNREACHABLE_CODE = YES;
				CLANG_WARN__DUPLICATE_METHOD_MATCH = YES;
				COPY_PHASE_STRIP = NO;
				DEBUG_INFORMATION_FORMAT = "dwarf-with-dsym";
				ENABLE_NS_ASSERTIONS = NO;
				ENABLE_STRICT_OBJC_MSGSEND = YES;
				GCC_C_LANGUAGE_STANDARD = gnu11;
				GCC_NO_COMMON_BLOCKS = YES;
				GCC_WARN_64_TO_32_BIT_CONVERSION = YES;
				GCC_WARN_ABOUT_RETURN_TYPE = YES_ERROR;
				GCC_WARN_UNDECLARED_SELECTOR = YES;
				GCC_WARN_UNINITIALIZED_AUTOS = YES_AGGRESSIVE;
				GCC_WARN_UNUSED_FUNCTION = YES;
				GCC_WARN_UNUSED_VARIABLE = YES;
				MACOSX_DEPLOYMENT_TARGET = 10.15;
				MTL_ENABLE_DEBUG_INFO = NO;
				MTL_FAST_MATH = YES;
				SDKROOT = macosx;
			};
			name = Release;
		};
		F39D8C09239EAEF300F275B6 /* Debug */ = {
			isa = XCBuildConfiguration;
			buildSettings = {
				CODE_SIGN_STYLE = Automatic;
				DEVELOPMENT_TEAM = 7Q62N6S7X8;
				ENABLE_HARDENED_RUNTIME = YES;
				HEADER_SEARCH_PATHS = "";
				PRODUCT_NAME = "$(TARGET_NAME)";
			};
			name = Debug;
		};
		F39D8C0A239EAEF300F275B6 /* Release */ = {
			isa = XCBuildConfiguration;
			buildSettings = {
				CODE_SIGN_STYLE = Automatic;
				DEVELOPMENT_TEAM = 7Q62N6S7X8;
				ENABLE_HARDENED_RUNTIME = YES;
				HEADER_SEARCH_PATHS = "";
				PRODUCT_NAME = "$(TARGET_NAME)";
			};
			name = Release;
		};
/* End XCBuildConfiguration section */

/* Begin XCConfigurationList section */
		F39D8BFC239EAEF300F275B6 /* Build configuration list for PBXProject "RunLoop" */ = {
			isa = XCConfigurationList;
			buildConfigurations = (
				F39D8C06239EAEF300F275B6 /* Debug */,
				F39D8C07239EAEF300F275B6 /* Release */,
			);
			defaultConfigurationIsVisible = 0;
			defaultConfigurationName = Release;
		};
		F39D8C08239EAEF300F275B6 /* Build configuration list for PBXNativeTarget "RunLoop" */ = {
			isa = XCConfigurationList;
			buildConfigurations = (
				F39D8C09239EAEF300F275B6 /* Debug */,
				F39D8C0A239EAEF300F275B6 /* Release */,
			);
			defaultConfigurationIsVisible = 0;
			defaultConfigurationName = Release;
		};
/* End XCConfigurationList section */
	};
	rootObject = F39D8BF9239EAEF300F275B6 /* Project object */;
}
